{
  "- gem: bundler-audit\ndirect: oauth-tty.gemspec": [
    {
      "file": ".structuredmerge/kettle-jem.yml",
      "lines": [
        105,
        110
      ]
    }
  ],
  "// Use 'forwardPorts' to make a list of ports inside the container available locally.\n// \"forwardPorts\": [],": [
    {
      "file": ".devcontainer/devcontainer.json",
      "lines": [
        11,
        22
      ]
    }
  ],
  "action: remove_modular_gem\nreason: \"oauth-tty.gemspec owns this development dependency.\"": [
    {
      "file": ".structuredmerge/kettle-jem.yml",
      "lines": [
        103,
        108,
        118,
        123,
        128,
        133,
        138,
        143,
        148
      ]
    }
  ],
  "direct: oauth-tty.gemspec\nmodular: gemfiles/modular/injected.gemfile": [
    {
      "file": ".structuredmerge/kettle-jem.yml",
      "lines": [
        101,
        111,
        116,
        121,
        126,
        131,
        136,
        141,
        146
      ]
    }
  ],
  "gem \"oauth\", github: \"ruby-oauth/oauth\", branch: \"main\"\n# gem \"oauth\", \">= 1.1.0\"": [
    {
      "file": "Appraisals",
      "lines": [
        73,
        79,
        85
      ]
    }
  ],
  "modular: gemfiles/modular/injected.gemfile\naction: remove_modular_gem": [
    {
      "file": ".structuredmerge/kettle-jem.yml",
      "lines": [
        102,
        112,
        117,
        122,
        127,
        132,
        137,
        142,
        147
      ]
    }
  ],
  "reason: \"oauth-tty.gemspec owns this development dependency.\"\n- gem: bundler-audit": [
    {
      "file": ".structuredmerge/kettle-jem.yml",
      "lines": [
        104,
        109
      ]
    }
  ]
}
