{
  "// Use 'forwardPorts' to make a list of ports inside the container available locally.\n// \"forwardPorts\": [],": [
    {
      "file": ".devcontainer/devcontainer.json",
      "lines": [
        11,
        22
      ]
    }
  ],
  "gem \"oauth\", github: \"ruby-oauth/oauth\", branch: \"main\"\n# gem \"oauth\", \">= 1.1.0\"": [
    {
      "file": "Appraisals",
      "lines": [
        73,
        79,
        85
      ]
    }
  ]
}
