{
  "lib/oauth/tty/cli.rb:904168046": [
    [6, 7, 77, "Style/ClassMethodsDefinitions: Use `class << self` to define a class method.", 2883780555]
  ],
  "lib/oauth/tty/command.rb:587864942": [
    [146, 23, 4, "Security/Open: The use of `Kernel#open` is a serious security risk.", 2087926481]
  ],
  "oauth-tty.gemspec:2020207654": [
    [129, 3, 40, "Gemspec/DependencyVersion: Dependency version specification is required.", 2300588954],
    [131, 3, 44, "Gemspec/DependencyVersion: Dependency version specification is required.", 1905290578],
    [132, 3, 46, "Gemspec/DependencyVersion: Dependency version specification is required.", 4289565910]
  ],
  "spec/oauth/backwards_compatibility_spec.rb:4041711732": [
    [3, 16, 25, "RSpec/DescribeClass: The first argument to describe should be the class or module being tested.", 3956042931]
  ],
  "spec/oauth/tty/cli_spec.rb:361981118": [
    [109, 34, 17, "RSpec/VerifiedDoubleReference: Use a constant class reference for verified doubles. String references are not verifying unless the class is loaded.", 285748316],
    [110, 38, 20, "RSpec/VerifiedDoubleReference: Use a constant class reference for verified doubles. String references are not verifying unless the class is loaded.", 1228090493],
    [111, 34, 10, "RSpec/VerifiedDoubleReference: Use a constant class reference for verified doubles. String references are not verifying unless the class is loaded.", 4294324198],
    [113, 7, 73, "RSpec/ReceiveMessages: Use `receive_messages` instead of multiple stubs on lines [114].", 39742504],
    [114, 7, 85, "RSpec/ReceiveMessages: Use `receive_messages` instead of multiple stubs on lines [113].", 4144335528],
    [130, 7, 20, "RSpec/StubbedMock: Prefer `allow` over `expect` when configuring a response.", 4235470523],
    [154, 38, 20, "RSpec/VerifiedDoubleReference: Use a constant class reference for verified doubles. String references are not verifying unless the class is loaded.", 1228090493],
    [155, 34, 17, "RSpec/VerifiedDoubleReference: Use a constant class reference for verified doubles. String references are not verifying unless the class is loaded.", 285748316],
    [156, 39, 21, "RSpec/VerifiedDoubleReference: Use a constant class reference for verified doubles. String references are not verifying unless the class is loaded.", 3390344648],
    [158, 7, 73, "RSpec/ReceiveMessages: Use `receive_messages` instead of multiple stubs on lines [159].", 39742504],
    [159, 7, 85, "RSpec/ReceiveMessages: Use `receive_messages` instead of multiple stubs on lines [158].", 4144335528],
    [169, 7, 16, "RSpec/StubbedMock: Prefer `allow` over `expect` when configuring a response.", 3492346277],
    [170, 7, 21, "RSpec/StubbedMock: Prefer `allow` over `expect` when configuring a response.", 2407753262],
    [171, 7, 21, "RSpec/StubbedMock: Prefer `allow` over `expect` when configuring a response.", 2407753262],
    [172, 7, 21, "RSpec/StubbedMock: Prefer `allow` over `expect` when configuring a response.", 2407753262],
    [195, 38, 20, "RSpec/VerifiedDoubleReference: Use a constant class reference for verified doubles. String references are not verifying unless the class is loaded.", 1228090493],
    [196, 34, 17, "RSpec/VerifiedDoubleReference: Use a constant class reference for verified doubles. String references are not verifying unless the class is loaded.", 285748316],
    [197, 39, 21, "RSpec/VerifiedDoubleReference: Use a constant class reference for verified doubles. String references are not verifying unless the class is loaded.", 3390344648],
    [199, 7, 73, "RSpec/ReceiveMessages: Use `receive_messages` instead of multiple stubs on lines [200].", 39742504],
    [200, 7, 85, "RSpec/ReceiveMessages: Use `receive_messages` instead of multiple stubs on lines [199].", 4144335528],
    [210, 7, 16, "RSpec/StubbedMock: Prefer `allow` over `expect` when configuring a response.", 3492346277],
    [211, 7, 21, "RSpec/StubbedMock: Prefer `allow` over `expect` when configuring a response.", 2407753262],
    [212, 7, 21, "RSpec/StubbedMock: Prefer `allow` over `expect` when configuring a response.", 2407753262],
    [213, 7, 21, "RSpec/StubbedMock: Prefer `allow` over `expect` when configuring a response.", 2407753262]
  ],
  "spec/oauth/tty/command_spec.rb:2516268945": [
    [9, 3, 275, "RSpec/LeakyConstantDeclaration: Stub class constant instead of declaring explicitly.", 2810654211]
  ],
  "spec/oauth/tty/commands/authorize_command_spec.rb:3270431476": [
    [14, 34, 17, "RSpec/VerifiedDoubleReference: Use a constant class reference for verified doubles. String references are not verifying unless the class is loaded.", 285748316],
    [15, 39, 21, "RSpec/VerifiedDoubleReference: Use a constant class reference for verified doubles. String references are not verifying unless the class is loaded.", 3390344648],
    [16, 38, 20, "RSpec/VerifiedDoubleReference: Use a constant class reference for verified doubles. String references are not verifying unless the class is loaded.", 1228090493],
    [19, 7, 64, "RSpec/ReceiveMessages: Use `receive_messages` instead of multiple stubs on lines [20].", 1559313276],
    [20, 7, 69, "RSpec/ReceiveMessages: Use `receive_messages` instead of multiple stubs on lines [19].", 3030878101],
    [22, 7, 23, "RSpec/StubbedMock: Prefer `allow` over `expect` when configuring a response.", 4174421602],
    [23, 7, 16, "RSpec/StubbedMock: Prefer `allow` over `expect` when configuring a response.", 3492346277],
    [25, 7, 21, "RSpec/StubbedMock: Prefer `allow` over `expect` when configuring a response.", 2407753262],
    [26, 7, 21, "RSpec/StubbedMock: Prefer `allow` over `expect` when configuring a response.", 2407753262],
    [32, 7, 21, "RSpec/StubbedMock: Prefer `allow` over `expect` when configuring a response.", 2407753262],
    [52, 34, 17, "RSpec/VerifiedDoubleReference: Use a constant class reference for verified doubles. String references are not verifying unless the class is loaded.", 285748316],
    [54, 7, 23, "RSpec/StubbedMock: Prefer `allow` over `expect` when configuring a response.", 4174421602],
    [55, 7, 44, "RSpec/LeakyConstantDeclaration: Stub constant instead of declaring explicitly.", 2395720961],
    [57, 7, 16, "RSpec/StubbedMock: Prefer `allow` over `expect` when configuring a response.", 3492346277],
    [68, 34, 17, "RSpec/VerifiedDoubleReference: Use a constant class reference for verified doubles. String references are not verifying unless the class is loaded.", 285748316],
    [69, 39, 21, "RSpec/VerifiedDoubleReference: Use a constant class reference for verified doubles. String references are not verifying unless the class is loaded.", 3390344648],
    [70, 7, 23, "RSpec/StubbedMock: Prefer `allow` over `expect` when configuring a response.", 4174421602],
    [71, 7, 16, "RSpec/StubbedMock: Prefer `allow` over `expect` when configuring a response.", 3492346277],
    [73, 7, 45, "RSpec/LeakyConstantDeclaration: Stub constant instead of declaring explicitly.", 1997245299],
    [75, 7, 21, "RSpec/StubbedMock: Prefer `allow` over `expect` when configuring a response.", 2407753262],
    [76, 7, 21, "RSpec/StubbedMock: Prefer `allow` over `expect` when configuring a response.", 2407753262],
    [77, 7, 21, "RSpec/StubbedMock: Prefer `allow` over `expect` when configuring a response.", 2407753262]
  ],
  "spec/oauth/tty/commands/query_command_spec.rb:1247725853": [
    [20, 32, 17, "RSpec/VerifiedDoubleReference: Use a constant class reference for verified doubles. String references are not verifying unless the class is loaded.", 285748316],
    [23, 36, 20, "RSpec/VerifiedDoubleReference: Use a constant class reference for verified doubles. String references are not verifying unless the class is loaded.", 1228090493],
    [26, 37, 19, "RSpec/VerifiedDoubleReference: Use a constant class reference for verified doubles. String references are not verifying unless the class is loaded.", 511534081],
    [55, 5, 20, "RSpec/StubbedMock: Prefer `allow` over `expect` when configuring a response.", 4235470523]
  ],
  "spec/oauth/tty_spec.rb:1891755344": [
    [3, 1, 25, "RSpec/EmptyExampleGroup: Empty example group detected.", 208109039]
  ]
}
